
Microsoft Visual Studio Solution File, Format Version 12.00
# Visual Studio Version 17
VisualStudioVersion = 17.6.33829.357
MinimumVisualStudioVersion = 10.0.40219.1
Project("{F184B08F-C81C-45F6-A57F-5ABD9991F28F}") = "greatest number among three using function", "greatest number among three using function.vbproj", "{C997BD14-7F87-42FB-8C3B-FEE2D8879B62}"
EndProject
Global
	GlobalSection(SolutionConfigurationPlatforms) = preSolution
		Debug|Any CPU = Debug|Any CPU
		Release|Any CPU = Release|Any CPU
	EndGlobalSection
	GlobalSection(ProjectConfigurationPlatforms) = postSolution
		{C997BD14-7F87-42FB-8C3B-FEE2D8879B62}.Debug|Any CPU.ActiveCfg = Debug|Any CPU
		{C997BD14-7F87-42FB-8C3B-FEE2D8879B62}.Debug|Any CPU.Build.0 = Debug|Any CPU
		{C997BD14-7F87-42FB-8C3B-FEE2D8879B62}.Release|Any CPU.ActiveCfg = Release|Any CPU
		{C997BD14-7F87-42FB-8C3B-FEE2D8879B62}.Release|Any CPU.Build.0 = Release|Any CPU
	EndGlobalSection
	GlobalSection(SolutionProperties) = preSolution
		HideSolutionNode = FALSE
	EndGlobalSection
	GlobalSection(ExtensibilityGlobals) = postSolution
		SolutionGuid = {AF507535-D8E7-44B0-BB51-D0E5083F6765}
	EndGlobalSection
EndGlobal
